// !$*UTF8*$!
{
	archiveVersion = 1;
	classes = {
	};
	objectVersion = 46;
	objects = {

/* Begin PBXBuildFile section */
		A869218C18BDF03300F81E26 /* Foundation.framework in Frameworks */ = {isa = PBXBuildFile; fileRef = A869218B18BDF03300F81E26 /* Foundation.framework */; };
		A869218E18BDF03300F81E26 /* CoreGraphics.framework in Frameworks */ = {isa = PBXBuildFile; fileRef = A869218D18BDF03300F81E26 /* CoreGraphics.framework */; };
		A869219018BDF03300F81E26 /* UIKit.framework in Frameworks */ = {isa = PBXBuildFile; fileRef = A869218F18BDF03300F81E26 /* UIKit.framework */; };
		A869219618BDF03300F81E26 /* InfoPlist.strings in Resources */ = {isa = PBXBuildFile; fileRef = A869219418BDF03300F81E26 /* InfoPlist.strings */; };
		A869219818BDF03300F81E26 /* main.m in Sources */ = {isa = PBXBuildFile; fileRef = A869219718BDF03300F81E26 /* main.m */; };
		A869219C18BDF03300F81E26 /* AppDelegate.m in Sources */ = {isa = PBXBuildFile; fileRef = A869219B18BDF03300F81E26 /* AppDelegate.m */; };
		A869219F18BDF03300F81E26 /* Main.storyboard in Resources */ = {isa = PBXBuildFile; fileRef = A869219D18BDF03300F81E26 /* Main.storyboard */; };
		A86921A218BDF03300F81E26 /* ViewController.m in Sources */ = {isa = PBXBuildFile; fileRef = A86921A118BDF03300F81E26 /* ViewController.m */; };
		A86921A418BDF03300F81E26 /* Images.xcassets in Resources */ = {isa = PBXBuildFile; fileRef = A86921A318BDF03300F81E26 /* Images.xcassets */; };
		A86921C218BDF9B900F81E26 /* MYNotificationCenter.m in Sources */ = {isa = PBXBuildFile; fileRef = A86921C118BDF9B900F81E26 /* MYNotificationCenter.m */; };
		A86921F718BE133E00F81E26 /* XCTest.framework in Frameworks */ = {isa = PBXBuildFile; fileRef = A86921AA18BDF03300F81E26 /* XCTest.framework */; };
		A86921F818BE133E00F81E26 /* Foundation.framework in Frameworks */ = {isa = PBXBuildFile; fileRef = A869218B18BDF03300F81E26 /* Foundation.framework */; };
		A86921F918BE133E00F81E26 /* UIKit.framework in Frameworks */ = {isa = PBXBuildFile; fileRef = A869218F18BDF03300F81E26 /* UIKit.framework */; };
		A86921FF18BE133E00F81E26 /* InfoPlist.strings in Resources */ = {isa = PBXBuildFile; fileRef = A86921FD18BE133E00F81E26 /* InfoPlist.strings */; };
		A869220118BE133E00F81E26 /* KiwiUnitTest.m in Sources */ = {isa = PBXBuildFile; fileRef = A869220018BE133E00F81E26 /* KiwiUnitTest.m */; };
		A89A3ED818BE141D00115826 /* MYNotificationCenter.m in Sources */ = {isa = PBXBuildFile; fileRef = A86921C118BDF9B900F81E26 /* MYNotificationCenter.m */; };
		A89A3EDB18BE150700115826 /* TestObj.m in Sources */ = {isa = PBXBuildFile; fileRef = A89A3EDA18BE150700115826 /* TestObj.m */; };
		C5BB8EC0FEE94FC9A819BEFE /* libPods-KiwiUnitTest.a in Frameworks */ = {isa = PBXBuildFile; fileRef = 6D74F4ACF57644DE8961B22B /* libPods-KiwiUnitTest.a */; };
/* End PBXBuildFile section */

/* Begin PBXFileReference section */
		6D74F4ACF57644DE8961B22B /* libPods-KiwiUnitTest.a */ = {isa = PBXFileReference; explicitFileType = archive.ar; includeInIndex = 0; path = "libPods-KiwiUnitTest.a"; sourceTree = BUILT_PRODUCTS_DIR; };
		801D637538779003BD087AF7 /* Pods-KiwiUnitTest.debug.xcconfig */ = {isa = PBXFileReference; includeInIndex = 1; lastKnownFileType = text.xcconfig; name = "Pods-KiwiUnitTest.debug.xcconfig"; path = "Pods/Target Support Files/Pods-KiwiUnitTest/Pods-KiwiUnitTest.debug.xcconfig"; sourceTree = "<group>"; };
		A869218818BDF03300F81E26 /* HW_1.app */ = {isa = PBXFileReference; explicitFileType = wrapper.application; includeInIndex = 0; path = HW_1.app; sourceTree = BUILT_PRODUCTS_DIR; };
		A869218B18BDF03300F81E26 /* Foundation.framework */ = {isa = PBXFileReference; lastKnownFileType = wrapper.framework; name = Foundation.framework; path = System/Library/Frameworks/Foundation.framework; sourceTree = SDKROOT; };
		A869218D18BDF03300F81E26 /* CoreGraphics.framework */ = {isa = PBXFileReference; lastKnownFileType = wrapper.framework; name = CoreGraphics.framework; path = System/Library/Frameworks/CoreGraphics.framework; sourceTree = SDKROOT; };
		A869218F18BDF03300F81E26 /* UIKit.framework */ = {isa = PBXFileReference; lastKnownFileType = wrapper.framework; name = UIKit.framework; path = System/Library/Frameworks/UIKit.framework; sourceTree = SDKROOT; };
		A869219318BDF03300F81E26 /* HW_1-Info.plist */ = {isa = PBXFileReference; lastKnownFileType = text.plist.xml; path = "HW_1-Info.plist"; sourceTree = "<group>"; };
		A869219518BDF03300F81E26 /* en */ = {isa = PBXFileReference; lastKnownFileType = text.plist.strings; name = en; path = en.lproj/InfoPlist.strings; sourceTree = "<group>"; };
		A869219718BDF03300F81E26 /* main.m */ = {isa = PBXFileReference; lastKnownFileType = sourcecode.c.objc; path = main.m; sourceTree = "<group>"; };
		A869219918BDF03300F81E26 /* HW_1-Prefix.pch */ = {isa = PBXFileReference; lastKnownFileType = sourcecode.c.h; path = "HW_1-Prefix.pch"; sourceTree = "<group>"; };
		A869219A18BDF03300F81E26 /* AppDelegate.h */ = {isa = PBXFileReference; lastKnownFileType = sourcecode.c.h; path = AppDelegate.h; sourceTree = "<group>"; };
		A869219B18BDF03300F81E26 /* AppDelegate.m */ = {isa = PBXFileReference; lastKnownFileType = sourcecode.c.objc; path = AppDelegate.m; sourceTree = "<group>"; };
		A869219E18BDF03300F81E26 /* Base */ = {isa = PBXFileReference; lastKnownFileType = file.storyboard; name = Base; path = Base.lproj/Main.storyboard; sourceTree = "<group>"; };
		A86921A018BDF03300F81E26 /* ViewController.h */ = {isa = PBXFileReference; lastKnownFileType = sourcecode.c.h; path = ViewController.h; sourceTree = "<group>"; };
		A86921A118BDF03300F81E26 /* ViewController.m */ = {isa = PBXFileReference; lastKnownFileType = sourcecode.c.objc; path = ViewController.m; sourceTree = "<group>"; };
		A86921A318BDF03300F81E26 /* Images.xcassets */ = {isa = PBXFileReference; lastKnownFileType = folder.assetcatalog; path = Images.xcassets; sourceTree = "<group>"; };
		A86921AA18BDF03300F81E26 /* XCTest.framework */ = {isa = PBXFileReference; lastKnownFileType = wrapper.framework; name = XCTest.framework; path = Library/Frameworks/XCTest.framework; sourceTree = DEVELOPER_DIR; };
		A86921C018BDF9B900F81E26 /* MYNotificationCenter.h */ = {isa = PBXFileReference; fileEncoding = 4; lastKnownFileType = sourcecode.c.h; path = MYNotificationCenter.h; sourceTree = "<group>"; };
		A86921C118BDF9B900F81E26 /* MYNotificationCenter.m */ = {isa = PBXFileReference; fileEncoding = 4; lastKnownFileType = sourcecode.c.objc; path = MYNotificationCenter.m; sourceTree = "<group>"; };
		A86921F618BE133E00F81E26 /* KiwiUnitTest.xctest */ = {isa = PBXFileReference; explicitFileType = wrapper.cfbundle; includeInIndex = 0; path = KiwiUnitTest.xctest; sourceTree = BUILT_PRODUCTS_DIR; };
		A86921FC18BE133E00F81E26 /* KiwiUnitTest-Info.plist */ = {isa = PBXFileReference; lastKnownFileType = text.plist.xml; path = "KiwiUnitTest-Info.plist"; sourceTree = "<group>"; };
		A86921FE18BE133E00F81E26 /* en */ = {isa = PBXFileReference; lastKnownFileType = text.plist.strings; name = en; path = en.lproj/InfoPlist.strings; sourceTree = "<group>"; };
		A869220018BE133E00F81E26 /* KiwiUnitTest.m */ = {isa = PBXFileReference; lastKnownFileType = sourcecode.c.objc; path = KiwiUnitTest.m; sourceTree = "<group>"; };
		A869220218BE133E00F81E26 /* KiwiUnitTest-Prefix.pch */ = {isa = PBXFileReference; lastKnownFileType = sourcecode.c.h; path = "KiwiUnitTest-Prefix.pch"; sourceTree = "<group>"; };
		A89A3ED918BE150700115826 /* TestObj.h */ = {isa = PBXFileReference; fileEncoding = 4; lastKnownFileType = sourcecode.c.h; path = TestObj.h; sourceTree = "<group>"; };
		A89A3EDA18BE150700115826 /* TestObj.m */ = {isa = PBXFileReference; fileEncoding = 4; lastKnownFileType = sourcecode.c.objc; path = TestObj.m; sourceTree = "<group>"; };
		EA2606460AF5D3AF1D72D0C6 /* Pods-KiwiUnitTest.release.xcconfig */ = {isa = PBXFileReference; includeInIndex = 1; lastKnownFileType = text.xcconfig; name = "Pods-KiwiUnitTest.release.xcconfig"; path = "Pods/Target Support Files/Pods-KiwiUnitTest/Pods-KiwiUnitTest.release.xcconfig"; sourceTree = "<group>"; };
/* End PBXFileReference section */

/* Begin PBXFrameworksBuildPhase section */
		A869218518BDF03300F81E26 /* Frameworks */ = {
			isa = PBXFrameworksBuildPhase;
			buildActionMask = 2147483647;
			files = (
				A869218E18BDF03300F81E26 /* CoreGraphics.framework in Frameworks */,
				A869219018BDF03300F81E26 /* UIKit.framework in Frameworks */,
				A869218C18BDF03300F81E26 /* Foundation.framework in Frameworks */,
			);
			runOnlyForDeploymentPostprocessing = 0;
		};
		A86921F318BE133E00F81E26 /* Frameworks */ = {
			isa = PBXFrameworksBuildPhase;
			buildActionMask = 2147483647;
			files = (
				A86921F718BE133E00F81E26 /* XCTest.framework in Frameworks */,
				A86921F918BE133E00F81E26 /* UIKit.framework in Frameworks */,
				A86921F818BE133E00F81E26 /* Foundation.framework in Frameworks */,
				C5BB8EC0FEE94FC9A819BEFE /* libPods-KiwiUnitTest.a in Frameworks */,
			);
			runOnlyForDeploymentPostprocessing = 0;
		};
/* End PBXFrameworksBuildPhase section */

/* Begin PBXGroup section */
		1F1F48028030F6AF9FFEF7B0 /* Pods */ = {
			isa = PBXGroup;
			children = (
				801D637538779003BD087AF7 /* Pods-KiwiUnitTest.debug.xcconfig */,
				EA2606460AF5D3AF1D72D0C6 /* Pods-KiwiUnitTest.release.xcconfig */,
			);
			name = Pods;
			sourceTree = "<group>";
		};
		A869217F18BDF03300F81E26 = {
			isa = PBXGroup;
			children = (
				A869219118BDF03300F81E26 /* HW_NotificationBlock */,
				A86921FA18BE133E00F81E26 /* KiwiUnitTest */,
				A869218A18BDF03300F81E26 /* Frameworks */,
				A869218918BDF03300F81E26 /* Products */,
				1F1F48028030F6AF9FFEF7B0 /* Pods */,
			);
			sourceTree = "<group>";
		};
		A869218918BDF03300F81E26 /* Products */ = {
			isa = PBXGroup;
			children = (
				A869218818BDF03300F81E26 /* HW_1.app */,
				A86921F618BE133E00F81E26 /* KiwiUnitTest.xctest */,
			);
			name = Products;
			sourceTree = "<group>";
		};
		A869218A18BDF03300F81E26 /* Frameworks */ = {
			isa = PBXGroup;
			children = (
				A869218B18BDF03300F81E26 /* Foundation.framework */,
				A869218D18BDF03300F81E26 /* CoreGraphics.framework */,
				A869218F18BDF03300F81E26 /* UIKit.framework */,
				A86921AA18BDF03300F81E26 /* XCTest.framework */,
				6D74F4ACF57644DE8961B22B /* libPods-KiwiUnitTest.a */,
			);
			name = Frameworks;
			sourceTree = "<group>";
		};
		A869219118BDF03300F81E26 /* HW_NotificationBlock */ = {
			isa = PBXGroup;
			children = (
				A869219A18BDF03300F81E26 /* AppDelegate.h */,
				A869219B18BDF03300F81E26 /* AppDelegate.m */,
				A869219D18BDF03300F81E26 /* Main.storyboard */,
				A86921A018BDF03300F81E26 /* ViewController.h */,
				A86921A118BDF03300F81E26 /* ViewController.m */,
				A86921C018BDF9B900F81E26 /* MYNotificationCenter.h */,
				A86921C118BDF9B900F81E26 /* MYNotificationCenter.m */,
				A86921A318BDF03300F81E26 /* Images.xcassets */,
				A869219218BDF03300F81E26 /* Supporting Files */,
			);
			name = HW_NotificationBlock;
			path = HW_1;
			sourceTree = "<group>";
		};
		A869219218BDF03300F81E26 /* Supporting Files */ = {
			isa = PBXGroup;
			children = (
				A869219318BDF03300F81E26 /* HW_1-Info.plist */,
				A869219418BDF03300F81E26 /* InfoPlist.strings */,
				A869219718BDF03300F81E26 /* main.m */,
				A869219918BDF03300F81E26 /* HW_1-Prefix.pch */,
			);
			name = "Supporting Files";
			sourceTree = "<group>";
		};
		A86921FA18BE133E00F81E26 /* KiwiUnitTest */ = {
			isa = PBXGroup;
			children = (
				A869220018BE133E00F81E26 /* KiwiUnitTest.m */,
				A86921FB18BE133E00F81E26 /* Supporting Files */,
				A89A3ED918BE150700115826 /* TestObj.h */,
				A89A3EDA18BE150700115826 /* TestObj.m */,
			);
			path = KiwiUnitTest;
			sourceTree = "<group>";
		};
		A86921FB18BE133E00F81E26 /* Supporting Files */ = {
			isa = PBXGroup;
			children = (
				A86921FC18BE133E00F81E26 /* KiwiUnitTest-Info.plist */,
				A86921FD18BE133E00F81E26 /* InfoPlist.strings */,
				A869220218BE133E00F81E26 /* KiwiUnitTest-Prefix.pch */,
			);
			name = "Supporting Files";
			sourceTree = "<group>";
		};
/* End PBXGroup section */

/* Begin PBXNativeTarget section */
		A869218718BDF03300F81E26 /* HW_1 */ = {
			isa = PBXNativeTarget;
			buildConfigurationList = A86921BA18BDF03300F81E26 /* Build configuration list for PBXNativeTarget "HW_1" */;
			buildPhases = (
				A869218418BDF03300F81E26 /* Sources */,
				A869218518BDF03300F81E26 /* Frameworks */,
				A869218618BDF03300F81E26 /* Resources */,
			);
			buildRules = (
			);
			dependencies = (
			);
			name = HW_1;
			productName = HW_1;
			productReference = A869218818BDF03300F81E26 /* HW_1.app */;
			productType = "com.apple.product-type.application";
		};
		A86921F518BE133E00F81E26 /* KiwiUnitTest */ = {
			isa = PBXNativeTarget;
			buildConfigurationList = A869220318BE133E00F81E26 /* Build configuration list for PBXNativeTarget "KiwiUnitTest" */;
			buildPhases = (
				5B2030C9A0084FC6A399D734 /* Check Pods Manifest.lock */,
				A86921F218BE133E00F81E26 /* Sources */,
				A86921F318BE133E00F81E26 /* Frameworks */,
				A86921F418BE133E00F81E26 /* Resources */,
				E1C51992CD1A438F974822A5 /* Copy Pods Resources */,
			);
			buildRules = (
			);
			dependencies = (
			);
			name = KiwiUnitTest;
			productName = KiwiUnitTest;
			productReference = A86921F618BE133E00F81E26 /* KiwiUnitTest.xctest */;
			productType = "com.apple.product-type.bundle.unit-test";
		};
/* End PBXNativeTarget section */

/* Begin PBXProject section */
		A869218018BDF03300F81E26 /* Project object */ = {
			isa = PBXProject;
			attributes = {
				LastUpgradeCheck = 0500;
				ORGANIZATIONNAME = Alexander;
				TargetAttributes = {
					A86921F518BE133E00F81E26 = {
						TestTargetID = A869218718BDF03300F81E26;
					};
				};
			};
			buildConfigurationList = A869218318BDF03300F81E26 /* Build configuration list for PBXProject "HW_NotificationBlock" */;
			compatibilityVersion = "Xcode 3.2";
			developmentRegion = English;
			hasScannedForEncodings = 0;
			knownRegions = (
				en,
				Base,
			);
			mainGroup = A869217F18BDF03300F81E26;
			productRefGroup = A869218918BDF03300F81E26 /* Products */;
			projectDirPath = "";
			projectRoot = "";
			targets = (
				A869218718BDF03300F81E26 /* HW_1 */,
				A86921F518BE133E00F81E26 /* KiwiUnitTest */,
			);
		};
/* End PBXProject section */

/* Begin PBXResourcesBuildPhase section */
		A869218618BDF03300F81E26 /* Resources */ = {
			isa = PBXResourcesBuildPhase;
			buildActionMask = 2147483647;
			files = (
				A86921A418BDF03300F81E26 /* Images.xcassets in Resources */,
				A869219618BDF03300F81E26 /* InfoPlist.strings in Resources */,
				A869219F18BDF03300F81E26 /* Main.storyboard in Resources */,
			);
			runOnlyForDeploymentPostprocessing = 0;
		};
		A86921F418BE133E00F81E26 /* Resources */ = {
			isa = PBXResourcesBuildPhase;
			buildActionMask = 2147483647;
			files = (
				A86921FF18BE133E00F81E26 /* InfoPlist.strings in Resources */,
			);
			runOnlyForDeploymentPostprocessing = 0;
		};
/* End PBXResourcesBuildPhase section */

/* Begin PBXShellScriptBuildPhase section */
		5B2030C9A0084FC6A399D734 /* Check Pods Manifest.lock */ = {
			isa = PBXShellScriptBuildPhase;
			buildActionMask = 2147483647;
			files = (
			);
			inputPaths = (
			);
			name = "Check Pods Manifest.lock";
			outputPaths = (
			);
			runOnlyForDeploymentPostprocessing = 0;
			shellPath = /bin/sh;
			shellScript = "diff \"${PODS_ROOT}/../Podfile.lock\" \"${PODS_ROOT}/Manifest.lock\" > /dev/null\nif [[ $? != 0 ]] ; then\n    cat << EOM\nerror: The sandbox is not in sync with the Podfile.lock. Run 'pod install' or update your CocoaPods installation.\nEOM\n    exit 1\nfi\n";
			showEnvVarsInLog = 0;
		};
		E1C51992CD1A438F974822A5 /* Copy Pods Resources */ = {
			isa = PBXShellScriptBuildPhase;
			buildActionMask = 2147483647;
			files = (
			);
			inputPaths = (
			);
			name = "Copy Pods Resources";
			outputPaths = (
			);
			runOnlyForDeploymentPostprocessing = 0;
			shellPath = /bin/sh;
			shellScript = "\"${SRCROOT}/Pods/Target Support Files/Pods-KiwiUnitTest/Pods-KiwiUnitTest-resources.sh\"\n";
			showEnvVarsInLog = 0;
		};
/* End PBXShellScriptBuildPhase section */

/* Begin PBXSourcesBuildPhase section */
		A869218418BDF03300F81E26 /* Sources */ = {
			isa = PBXSourcesBuildPhase;
			buildActionMask = 2147483647;
			files = (
				A86921A218BDF03300F81E26 /* ViewController.m in Sources */,
				A869219C18BDF03300F81E26 /* AppDelegate.m in Sources */,
				A869219818BDF03300F81E26 /* main.m in Sources */,
				A86921C218BDF9B900F81E26 /* MYNotificationCenter.m in Sources */,
			);
			runOnlyForDeploymentPostprocessing = 0;
		};
		A86921F218BE133E00F81E26 /* Sources */ = {
			isa = PBXSourcesBuildPhase;
			buildActionMask = 2147483647;
			files = (
				A89A3EDB18BE150700115826 /* TestObj.m in Sources */,
				A869220118BE133E00F81E26 /* KiwiUnitTest.m in Sources */,
				A89A3ED818BE141D00115826 /* MYNotificationCenter.m in Sources */,
			);
			runOnlyForDeploymentPostprocessing = 0;
		};
/* End PBXSourcesBuildPhase section */

/* Begin PBXVariantGroup section */
		A869219418BDF03300F81E26 /* InfoPlist.strings */ = {
			isa = PBXVariantGroup;
			children = (
				A869219518BDF03300F81E26 /* en */,
			);
			name = InfoPlist.strings;
			sourceTree = "<group>";
		};
		A869219D18BDF03300F81E26 /* Main.storyboard */ = {
			isa = PBXVariantGroup;
			children = (
				A869219E18BDF03300F81E26 /* Base */,
			);
			name = Main.storyboard;
			sourceTree = "<group>";
		};
		A86921FD18BE133E00F81E26 /* InfoPlist.strings */ = {
			isa = PBXVariantGroup;
			children = (
				A86921FE18BE133E00F81E26 /* en */,
			);
			name = InfoPlist.strings;
			sourceTree = "<group>";
		};
/* End PBXVariantGroup section */

/* Begin XCBuildConfiguration section */
		A86921B818BDF03300F81E26 /* Debug */ = {
			isa = XCBuildConfiguration;
			buildSettings = {
				ALWAYS_SEARCH_USER_PATHS = NO;
				ARCHS = "$(ARCHS_STANDARD_INCLUDING_64_BIT)";
				CLANG_CXX_LANGUAGE_STANDARD = "gnu++0x";
				CLANG_CXX_LIBRARY = "libc++";
				CLANG_ENABLE_MODULES = YES;
				CLANG_ENABLE_OBJC_ARC = YES;
				CLANG_WARN_BOOL_CONVERSION = YES;
				CLANG_WARN_CONSTANT_CONVERSION = YES;
				CLANG_WARN_DIRECT_OBJC_ISA_USAGE = YES_ERROR;
				CLANG_WARN_EMPTY_BODY = YES;
				CLANG_WARN_ENUM_CONVERSION = YES;
				CLANG_WARN_INT_CONVERSION = YES;
				CLANG_WARN_OBJC_ROOT_CLASS = YES_ERROR;
				CLANG_WARN__DUPLICATE_METHOD_MATCH = YES;
				"CODE_SIGN_IDENTITY[sdk=iphoneos*]" = "iPhone Developer";
				COPY_PHASE_STRIP = NO;
				GCC_C_LANGUAGE_STANDARD = gnu99;
				GCC_DYNAMIC_NO_PIC = NO;
				GCC_OPTIMIZATION_LEVEL = 0;
				GCC_PREPROCESSOR_DEFINITIONS = (
					"DEBUG=1",
					"$(inherited)",
				);
				GCC_SYMBOLS_PRIVATE_EXTERN = NO;
				GCC_WARN_64_TO_32_BIT_CONVERSION = YES;
				GCC_WARN_ABOUT_RETURN_TYPE = YES_ERROR;
				GCC_WARN_UNDECLARED_SELECTOR = YES;
				GCC_WARN_UNINITIALIZED_AUTOS = YES;
				GCC_WARN_UNUSED_FUNCTION = YES;
				GCC_WARN_UNUSED_VARIABLE = YES;
				IPHONEOS_DEPLOYMENT_TARGET = 7.0;
				ONLY_ACTIVE_ARCH = YES;
				SDKROOT = iphoneos;
			};
			name = Debug;
		};
		A86921B918BDF03300F81E26 /* Release */ = {
			isa = XCBuildConfiguration;
			buildSettings = {
				ALWAYS_SEARCH_USER_PATHS = NO;
				ARCHS = "$(ARCHS_STANDARD_INCLUDING_64_BIT)";
				CLANG_CXX_LANGUAGE_STANDARD = "gnu++0x";
				CLANG_CXX_LIBRARY = "libc++";
				CLANG_ENABLE_MODULES = YES;
				CLANG_ENABLE_OBJC_ARC = YES;
				CLANG_WARN_BOOL_CONVERSION = YES;
				CLANG_WARN_CONSTANT_CONVERSION = YES;
				CLANG_WARN_DIRECT_OBJC_ISA_USAGE = YES_ERROR;
				CLANG_WARN_EMPTY_BODY = YES;
				CLANG_WARN_ENUM_CONVERSION = YES;
				CLANG_WARN_INT_CONVERSION = YES;
				CLANG_WARN_OBJC_ROOT_CLASS = YES_ERROR;
				CLANG_WARN__DUPLICATE_METHOD_MATCH = YES;
				"CODE_SIGN_IDENTITY[sdk=iphoneos*]" = "iPhone Developer";
				COPY_PHASE_STRIP = YES;
				ENABLE_NS_ASSERTIONS = NO;
				GCC_C_LANGUAGE_STANDARD = gnu99;
				GCC_WARN_64_TO_32_BIT_CONVERSION = YES;
				GCC_WARN_ABOUT_RETURN_TYPE = YES_ERROR;
				GCC_WARN_UNDECLARED_SELECTOR = YES;
				GCC_WARN_UNINITIALIZED_AUTOS = YES;
				GCC_WARN_UNUSED_FUNCTION = YES;
				GCC_WARN_UNUSED_VARIABLE = YES;
				IPHONEOS_DEPLOYMENT_TARGET = 7.0;
				SDKROOT = iphoneos;
				VALIDATE_PRODUCT = YES;
			};
			name = Release;
		};
		A86921BB18BDF03300F81E26 /* Debug */ = {
			isa = XCBuildConfiguration;
			buildSettings = {
				ASSETCATALOG_COMPILER_APPICON_NAME = AppIcon;
				ASSETCATALOG_COMPILER_LAUNCHIMAGE_NAME = LaunchImage;
				GCC_PRECOMPILE_PREFIX_HEADER = YES;
				GCC_PREFIX_HEADER = "HW_1/HW_1-Prefix.pch";
				INFOPLIST_FILE = "HW_1/HW_1-Info.plist";
				PRODUCT_NAME = "$(TARGET_NAME)";
				WRAPPER_EXTENSION = app;
			};
			name = Debug;
		};
		A86921BC18BDF03300F81E26 /* Release */ = {
			isa = XCBuildConfiguration;
			buildSettings = {
				ASSETCATALOG_COMPILER_APPICON_NAME = AppIcon;
				ASSETCATALOG_COMPILER_LAUNCHIMAGE_NAME = LaunchImage;
				GCC_PRECOMPILE_PREFIX_HEADER = YES;
				GCC_PREFIX_HEADER = "HW_1/HW_1-Prefix.pch";
				INFOPLIST_FILE = "HW_1/HW_1-Info.plist";
				PRODUCT_NAME = "$(TARGET_NAME)";
				WRAPPER_EXTENSION = app;
			};
			name = Release;
		};
		A869220418BE133E00F81E26 /* Debug */ = {
			isa = XCBuildConfiguration;
			baseConfigurationReference = 801D637538779003BD087AF7 /* Pods-KiwiUnitTest.debug.xcconfig */;
			buildSettings = {
				ARCHS = "$(ARCHS_STANDARD_INCLUDING_64_BIT)";
				BUNDLE_LOADER = "$(BUILT_PRODUCTS_DIR)/HW_1.app/HW_1";
				FRAMEWORK_SEARCH_PATHS = (
					"$(SDKROOT)/Developer/Library/Frameworks",
					"$(inherited)",
					"$(DEVELOPER_FRAMEWORKS_DIR)",
				);
				GCC_PRECOMPILE_PREFIX_HEADER = YES;
				GCC_PREFIX_HEADER = "KiwiUnitTest/KiwiUnitTest-Prefix.pch";
				GCC_PREPROCESSOR_DEFINITIONS = (
					"DEBUG=1",
					"$(inherited)",
				);
				INFOPLIST_FILE = "KiwiUnitTest/KiwiUnitTest-Info.plist";
				PRODUCT_NAME = "$(TARGET_NAME)";
				TEST_HOST = "$(BUNDLE_LOADER)";
				WRAPPER_EXTENSION = xctest;
			};
			name = Debug;
		};
		A869220518BE133E00F81E26 /* Release */ = {
			isa = XCBuildConfiguration;
			baseConfigurationReference = EA2606460AF5D3AF1D72D0C6 /* Pods-KiwiUnitTest.release.xcconfig */;
			buildSettings = {
				ARCHS = "$(ARCHS_STANDARD_INCLUDING_64_BIT)";
				BUNDLE_LOADER = "$(BUILT_PRODUCTS_DIR)/HW_1.app/HW_1";
				FRAMEWORK_SEARCH_PATHS = (
					"$(SDKROOT)/Developer/Library/Frameworks",
					"$(inherited)",
					"$(DEVELOPER_FRAMEWORKS_DIR)",
				);
				GCC_PRECOMPILE_PREFIX_HEADER = YES;
				GCC_PREFIX_HEADER = "KiwiUnitTest/KiwiUnitTest-Prefix.pch";
				INFOPLIST_FILE = "KiwiUnitTest/KiwiUnitTest-Info.plist";
				PRODUCT_NAME = "$(TARGET_NAME)";
				TEST_HOST = "$(BUNDLE_LOADER)";
				WRAPPER_EXTENSION = xctest;
			};
			name = Release;
		};
/* End XCBuildConfiguration section */

/* Begin XCConfigurationList section */
		A869218318BDF03300F81E26 /* Build configuration list for PBXProject "HW_NotificationBlock" */ = {
			isa = XCConfigurationList;
			buildConfigurations = (
				A86921B818BDF03300F81E26 /* Debug */,
				A86921B918BDF03300F81E26 /* Release */,
			);
			defaultConfigurationIsVisible = 0;
			defaultConfigurationName = Release;
		};
		A86921BA18BDF03300F81E26 /* Build configuration list for PBXNativeTarget "HW_1" */ = {
			isa = XCConfigurationList;
			buildConfigurations = (
				A86921BB18BDF03300F81E26 /* Debug */,
				A86921BC18BDF03300F81E26 /* Release */,
			);
			defaultConfigurationIsVisible = 0;
			defaultConfigurationName = Release;
		};
		A869220318BE133E00F81E26 /* Build configuration list for PBXNativeTarget "KiwiUnitTest" */ = {
			isa = XCConfigurationList;
			buildConfigurations = (
				A869220418BE133E00F81E26 /* Debug */,
				A869220518BE133E00F81E26 /* Release */,
			);
			defaultConfigurationIsVisible = 0;
			defaultConfigurationName = Release;
		};
/* End XCConfigurationList section */
	};
	rootObject = A869218018BDF03300F81E26 /* Project object */;
}
